
Microsoft Visual Studio Solution File, Format Version 12.00
# Visual Studio Version 17
VisualStudioVersion = 17.11.35327.3
MinimumVisualStudioVersion = 10.0.40219.1
Project("{8BC9CEB8-8B4A-11D0-8D11-00A0C91BC942}") = "HW2_Eitan_Linden", "HW2_Eitan_Linden.vcxproj", "{877DA217-8E19-4829-9AB7-8F7925EB4543}"
EndProject
Global
	GlobalSection(SolutionConfigurationPlatforms) = preSolution
		Debug|x64 = Debug|x64
		Debug|x86 = Debug|x86
		Release|x64 = Release|x64
		Release|x86 = Release|x86
	EndGlobalSection
	GlobalSection(ProjectConfigurationPlatforms) = postSolution
		{877DA217-8E19-4829-9AB7-8F7925EB4543}.Debug|x64.ActiveCfg = Debug|x64
		{877DA217-8E19-4829-9AB7-8F7925EB4543}.Debug|x64.Build.0 = Debug|x64
		{877DA217-8E19-4829-9AB7-8F7925EB4543}.Debug|x86.ActiveCfg = Debug|Win32
		{877DA217-8E19-4829-9AB7-8F7925EB4543}.Debug|x86.Build.0 = Debug|Win32
		{877DA217-8E19-4829-9AB7-8F7925EB4543}.Release|x64.ActiveCfg = Release|x64
		{877DA217-8E19-4829-9AB7-8F7925EB4543}.Release|x64.Build.0 = Release|x64
		{877DA217-8E19-4829-9AB7-8F7925EB4543}.Release|x86.ActiveCfg = Release|Win32
		{877DA217-8E19-4829-9AB7-8F7925EB4543}.Release|x86.Build.0 = Release|Win32
	EndGlobalSection
	GlobalSection(SolutionProperties) = preSolution
		HideSolutionNode = FALSE
	EndGlobalSection
	GlobalSection(ExtensibilityGlobals) = postSolution
		SolutionGuid = {EC8D435D-A48C-44AA-8181-47FA50CBE45E}
	EndGlobalSection
EndGlobal
